
Microsoft Visual Studio Solution File, Format Version 12.00
# Visual Studio Version 17
VisualStudioVersion = 17.0.31903.59
MinimumVisualStudioVersion = 10.0.40219.1
Project("{FAE04EC0-301F-11D3-BF4B-00C04F79EFBC}") = "AuthService.Core", "AuthService.Core\AuthService.Core.csproj", "{4B3DA386-D676-4F5A-82DA-878A4615CD12}"
EndProject
Project("{FAE04EC0-301F-11D3-BF4B-00C04F79EFBC}") = "AuthService.Application", "AuthService.Application\AuthService.Application.csproj", "{6B261C01-AB17-4273-A403-167914084C74}"
EndProject
Project("{FAE04EC0-301F-11D3-BF4B-00C04F79EFBC}") = "AuthService.Infrastructure", "AuthService.Infrastructure\AuthService.Infrastructure.csproj", "{E5EDB3CA-4036-4ADE-B4A2-337603250B30}"
EndProject
Project("{FAE04EC0-301F-11D3-BF4B-00C04F79EFBC}") = "AuthService.API", "AuthService.API\AuthService.API.csproj", "{92D1A29B-C669-4B4A-A153-652C7C645878}"
EndProject
Global
	GlobalSection(SolutionConfigurationPlatforms) = preSolution
		Debug|Any CPU = Debug|Any CPU
		Release|Any CPU = Release|Any CPU
	EndGlobalSection
	GlobalSection(SolutionProperties) = preSolution
		HideSolutionNode = FALSE
	EndGlobalSection
	GlobalSection(ProjectConfigurationPlatforms) = postSolution
		{4B3DA386-D676-4F5A-82DA-878A4615CD12}.Debug|Any CPU.ActiveCfg = Debug|Any CPU
		{4B3DA386-D676-4F5A-82DA-878A4615CD12}.Debug|Any CPU.Build.0 = Debug|Any CPU
		{4B3DA386-D676-4F5A-82DA-878A4615CD12}.Release|Any CPU.ActiveCfg = Release|Any CPU
		{4B3DA386-D676-4F5A-82DA-878A4615CD12}.Release|Any CPU.Build.0 = Release|Any CPU
		{6B261C01-AB17-4273-A403-167914084C74}.Debug|Any CPU.ActiveCfg = Debug|Any CPU
		{6B261C01-AB17-4273-A403-167914084C74}.Debug|Any CPU.Build.0 = Debug|Any CPU
		{6B261C01-AB17-4273-A403-167914084C74}.Release|Any CPU.ActiveCfg = Release|Any CPU
		{6B261C01-AB17-4273-A403-167914084C74}.Release|Any CPU.Build.0 = Release|Any CPU
		{E5EDB3CA-4036-4ADE-B4A2-337603250B30}.Debug|Any CPU.ActiveCfg = Debug|Any CPU
		{E5EDB3CA-4036-4ADE-B4A2-337603250B30}.Debug|Any CPU.Build.0 = Debug|Any CPU
		{E5EDB3CA-4036-4ADE-B4A2-337603250B30}.Release|Any CPU.ActiveCfg = Release|Any CPU
		{E5EDB3CA-4036-4ADE-B4A2-337603250B30}.Release|Any CPU.Build.0 = Release|Any CPU
		{92D1A29B-C669-4B4A-A153-652C7C645878}.Debug|Any CPU.ActiveCfg = Debug|Any CPU
		{92D1A29B-C669-4B4A-A153-652C7C645878}.Debug|Any CPU.Build.0 = Debug|Any CPU
		{92D1A29B-C669-4B4A-A153-652C7C645878}.Release|Any CPU.ActiveCfg = Release|Any CPU
		{92D1A29B-C669-4B4A-A153-652C7C645878}.Release|Any CPU.Build.0 = Release|Any CPU
	EndGlobalSection
EndGlobal
