
Microsoft Visual Studio Solution File, Format Version 12.00
# Visual Studio Version 17
VisualStudioVersion = 17.5.2.0
MinimumVisualStudioVersion = 10.0.40219.1
Project("{9A19103F-16F7-4668-BE54-9A1E7A4F7556}") = "DotNetArch", "DotNetArch.csproj", "{EA647F6E-2A61-4B94-8DBF-5BD6B96A6D4A}"
EndProject
Project("{2150E333-8FDC-42A3-9474-1A3956D46DE8}") = "samples", "samples", "{5D20AA90-6969-D8BD-9DCD-8634F4692FDA}"
EndProject
Project("{2150E333-8FDC-42A3-9474-1A3956D46DE8}") = "corevia-identity", "corevia-identity", "{4FF0A536-085F-2EF2-43F1-35AA87D3F0A3}"
EndProject
Project("{FAE04EC0-301F-11D3-BF4B-00C04F79EFBC}") = "IdentityService.Mcp.Tests", "samples\corevia-identity\IdentityService.Mcp.Tests\IdentityService.Mcp.Tests.csproj", "{A3D10128-CCEC-4859-B86E-6759C5FC9C7E}"
EndProject
Project("{FAE04EC0-301F-11D3-BF4B-00C04F79EFBC}") = "IdentityService.Infrastructure.Tests", "samples\corevia-identity\IdentityService.Infrastructure.Tests\IdentityService.Infrastructure.Tests.csproj", "{B00054A6-1B78-4179-9EC9-C78EC932B115}"
EndProject
Project("{FAE04EC0-301F-11D3-BF4B-00C04F79EFBC}") = "IdentityService.Api.Tests", "samples\corevia-identity\IdentityService.Api.Tests\IdentityService.Api.Tests.csproj", "{9D81AF93-980F-47AB-810E-7DE3CE775EF6}"
EndProject
Project("{FAE04EC0-301F-11D3-BF4B-00C04F79EFBC}") = "IdentityService.Mcp", "samples\corevia-identity\IdentityService.Mcp\IdentityService.Mcp.csproj", "{A3C8CDFF-27F2-45D7-956B-BD4FAA4A9A77}"
EndProject
Project("{FAE04EC0-301F-11D3-BF4B-00C04F79EFBC}") = "IdentityService.Application", "samples\corevia-identity\IdentityService.Application\IdentityService.Application.csproj", "{801224EC-6E9A-4BB3-81C7-4FC2FFA1952D}"
EndProject
Project("{FAE04EC0-301F-11D3-BF4B-00C04F79EFBC}") = "IdentityService.Domain", "samples\corevia-identity\IdentityService.Domain\IdentityService.Domain.csproj", "{FB771C96-A29F-4676-9FC0-F76D169F8435}"
EndProject
Project("{FAE04EC0-301F-11D3-BF4B-00C04F79EFBC}") = "IdentityService.Infrastructure.Database", "samples\corevia-identity\IdentityService.Infrastructure.Database\IdentityService.Infrastructure.Database.csproj", "{7DAA39C5-6325-47CC-9797-4CED963F1C43}"
EndProject
Project("{FAE04EC0-301F-11D3-BF4B-00C04F79EFBC}") = "IdentityService.Infrastructure", "samples\corevia-identity\IdentityService.Infrastructure\IdentityService.Infrastructure.csproj", "{EC018510-E8EA-4258-B381-79D7E3CAF342}"
EndProject
Project("{FAE04EC0-301F-11D3-BF4B-00C04F79EFBC}") = "IdentityService.Api", "samples\corevia-identity\IdentityService.Api\IdentityService.Api.csproj", "{93C389C9-C9C8-445E-A56A-4D04997F6906}"
EndProject
Project("{FAE04EC0-301F-11D3-BF4B-00C04F79EFBC}") = "IdentityService.Application.Tests", "samples\corevia-identity\IdentityService.Application.Tests\IdentityService.Application.Tests.csproj", "{98F62812-5DB1-4915-8EAB-636497285976}"
EndProject
Global
	GlobalSection(SolutionConfigurationPlatforms) = preSolution
		Debug|Any CPU = Debug|Any CPU
		Debug|x64 = Debug|x64
		Debug|x86 = Debug|x86
		Release|Any CPU = Release|Any CPU
		Release|x64 = Release|x64
		Release|x86 = Release|x86
	EndGlobalSection
	GlobalSection(ProjectConfigurationPlatforms) = postSolution
		{EA647F6E-2A61-4B94-8DBF-5BD6B96A6D4A}.Debug|Any CPU.ActiveCfg = Debug|Any CPU
		{EA647F6E-2A61-4B94-8DBF-5BD6B96A6D4A}.Debug|Any CPU.Build.0 = Debug|Any CPU
		{EA647F6E-2A61-4B94-8DBF-5BD6B96A6D4A}.Debug|x64.ActiveCfg = Debug|Any CPU
		{EA647F6E-2A61-4B94-8DBF-5BD6B96A6D4A}.Debug|x64.Build.0 = Debug|Any CPU
		{EA647F6E-2A61-4B94-8DBF-5BD6B96A6D4A}.Debug|x86.ActiveCfg = Debug|Any CPU
		{EA647F6E-2A61-4B94-8DBF-5BD6B96A6D4A}.Debug|x86.Build.0 = Debug|Any CPU
		{EA647F6E-2A61-4B94-8DBF-5BD6B96A6D4A}.Release|Any CPU.ActiveCfg = Release|Any CPU
		{EA647F6E-2A61-4B94-8DBF-5BD6B96A6D4A}.Release|Any CPU.Build.0 = Release|Any CPU
		{EA647F6E-2A61-4B94-8DBF-5BD6B96A6D4A}.Release|x64.ActiveCfg = Release|Any CPU
		{EA647F6E-2A61-4B94-8DBF-5BD6B96A6D4A}.Release|x64.Build.0 = Release|Any CPU
		{EA647F6E-2A61-4B94-8DBF-5BD6B96A6D4A}.Release|x86.ActiveCfg = Release|Any CPU
		{EA647F6E-2A61-4B94-8DBF-5BD6B96A6D4A}.Release|x86.Build.0 = Release|Any CPU
		{A3D10128-CCEC-4859-B86E-6759C5FC9C7E}.Debug|Any CPU.ActiveCfg = Debug|Any CPU
		{A3D10128-CCEC-4859-B86E-6759C5FC9C7E}.Debug|Any CPU.Build.0 = Debug|Any CPU
		{A3D10128-CCEC-4859-B86E-6759C5FC9C7E}.Debug|x64.ActiveCfg = Debug|Any CPU
		{A3D10128-CCEC-4859-B86E-6759C5FC9C7E}.Debug|x64.Build.0 = Debug|Any CPU
		{A3D10128-CCEC-4859-B86E-6759C5FC9C7E}.Debug|x86.ActiveCfg = Debug|Any CPU
		{A3D10128-CCEC-4859-B86E-6759C5FC9C7E}.Debug|x86.Build.0 = Debug|Any CPU
		{A3D10128-CCEC-4859-B86E-6759C5FC9C7E}.Release|Any CPU.ActiveCfg = Release|Any CPU
		{A3D10128-CCEC-4859-B86E-6759C5FC9C7E}.Release|Any CPU.Build.0 = Release|Any CPU
		{A3D10128-CCEC-4859-B86E-6759C5FC9C7E}.Release|x64.ActiveCfg = Release|Any CPU
		{A3D10128-CCEC-4859-B86E-6759C5FC9C7E}.Release|x64.Build.0 = Release|Any CPU
		{A3D10128-CCEC-4859-B86E-6759C5FC9C7E}.Release|x86.ActiveCfg = Release|Any CPU
		{A3D10128-CCEC-4859-B86E-6759C5FC9C7E}.Release|x86.Build.0 = Release|Any CPU
		{B00054A6-1B78-4179-9EC9-C78EC932B115}.Debug|Any CPU.ActiveCfg = Debug|Any CPU
		{B00054A6-1B78-4179-9EC9-C78EC932B115}.Debug|Any CPU.Build.0 = Debug|Any CPU
		{B00054A6-1B78-4179-9EC9-C78EC932B115}.Debug|x64.ActiveCfg = Debug|Any CPU
		{B00054A6-1B78-4179-9EC9-C78EC932B115}.Debug|x64.Build.0 = Debug|Any CPU
		{B00054A6-1B78-4179-9EC9-C78EC932B115}.Debug|x86.ActiveCfg = Debug|Any CPU
		{B00054A6-1B78-4179-9EC9-C78EC932B115}.Debug|x86.Build.0 = Debug|Any CPU
		{B00054A6-1B78-4179-9EC9-C78EC932B115}.Release|Any CPU.ActiveCfg = Release|Any CPU
		{B00054A6-1B78-4179-9EC9-C78EC932B115}.Release|Any CPU.Build.0 = Release|Any CPU
		{B00054A6-1B78-4179-9EC9-C78EC932B115}.Release|x64.ActiveCfg = Release|Any CPU
		{B00054A6-1B78-4179-9EC9-C78EC932B115}.Release|x64.Build.0 = Release|Any CPU
		{B00054A6-1B78-4179-9EC9-C78EC932B115}.Release|x86.ActiveCfg = Release|Any CPU
		{B00054A6-1B78-4179-9EC9-C78EC932B115}.Release|x86.Build.0 = Release|Any CPU
		{9D81AF93-980F-47AB-810E-7DE3CE775EF6}.Debug|Any CPU.ActiveCfg = Debug|Any CPU
		{9D81AF93-980F-47AB-810E-7DE3CE775EF6}.Debug|Any CPU.Build.0 = Debug|Any CPU
		{9D81AF93-980F-47AB-810E-7DE3CE775EF6}.Debug|x64.ActiveCfg = Debug|Any CPU
		{9D81AF93-980F-47AB-810E-7DE3CE775EF6}.Debug|x64.Build.0 = Debug|Any CPU
		{9D81AF93-980F-47AB-810E-7DE3CE775EF6}.Debug|x86.ActiveCfg = Debug|Any CPU
		{9D81AF93-980F-47AB-810E-7DE3CE775EF6}.Debug|x86.Build.0 = Debug|Any CPU
		{9D81AF93-980F-47AB-810E-7DE3CE775EF6}.Release|Any CPU.ActiveCfg = Release|Any CPU
		{9D81AF93-980F-47AB-810E-7DE3CE775EF6}.Release|Any CPU.Build.0 = Release|Any CPU
		{9D81AF93-980F-47AB-810E-7DE3CE775EF6}.Release|x64.ActiveCfg = Release|Any CPU
		{9D81AF93-980F-47AB-810E-7DE3CE775EF6}.Release|x64.Build.0 = Release|Any CPU
		{9D81AF93-980F-47AB-810E-7DE3CE775EF6}.Release|x86.ActiveCfg = Release|Any CPU
		{9D81AF93-980F-47AB-810E-7DE3CE775EF6}.Release|x86.Build.0 = Release|Any CPU
		{A3C8CDFF-27F2-45D7-956B-BD4FAA4A9A77}.Debug|Any CPU.ActiveCfg = Debug|Any CPU
		{A3C8CDFF-27F2-45D7-956B-BD4FAA4A9A77}.Debug|Any CPU.Build.0 = Debug|Any CPU
		{A3C8CDFF-27F2-45D7-956B-BD4FAA4A9A77}.Debug|x64.ActiveCfg = Debug|Any CPU
		{A3C8CDFF-27F2-45D7-956B-BD4FAA4A9A77}.Debug|x64.Build.0 = Debug|Any CPU
		{A3C8CDFF-27F2-45D7-956B-BD4FAA4A9A77}.Debug|x86.ActiveCfg = Debug|Any CPU
		{A3C8CDFF-27F2-45D7-956B-BD4FAA4A9A77}.Debug|x86.Build.0 = Debug|Any CPU
		{A3C8CDFF-27F2-45D7-956B-BD4FAA4A9A77}.Release|Any CPU.ActiveCfg = Release|Any CPU
		{A3C8CDFF-27F2-45D7-956B-BD4FAA4A9A77}.Release|Any CPU.Build.0 = Release|Any CPU
		{A3C8CDFF-27F2-45D7-956B-BD4FAA4A9A77}.Release|x64.ActiveCfg = Release|Any CPU
		{A3C8CDFF-27F2-45D7-956B-BD4FAA4A9A77}.Release|x64.Build.0 = Release|Any CPU
		{A3C8CDFF-27F2-45D7-956B-BD4FAA4A9A77}.Release|x86.ActiveCfg = Release|Any CPU
		{A3C8CDFF-27F2-45D7-956B-BD4FAA4A9A77}.Release|x86.Build.0 = Release|Any CPU
		{801224EC-6E9A-4BB3-81C7-4FC2FFA1952D}.Debug|Any CPU.ActiveCfg = Debug|Any CPU
		{801224EC-6E9A-4BB3-81C7-4FC2FFA1952D}.Debug|Any CPU.Build.0 = Debug|Any CPU
		{801224EC-6E9A-4BB3-81C7-4FC2FFA1952D}.Debug|x64.ActiveCfg = Debug|Any CPU
		{801224EC-6E9A-4BB3-81C7-4FC2FFA1952D}.Debug|x64.Build.0 = Debug|Any CPU
		{801224EC-6E9A-4BB3-81C7-4FC2FFA1952D}.Debug|x86.ActiveCfg = Debug|Any CPU
		{801224EC-6E9A-4BB3-81C7-4FC2FFA1952D}.Debug|x86.Build.0 = Debug|Any CPU
		{801224EC-6E9A-4BB3-81C7-4FC2FFA1952D}.Release|Any CPU.ActiveCfg = Release|Any CPU
		{801224EC-6E9A-4BB3-81C7-4FC2FFA1952D}.Release|Any CPU.Build.0 = Release|Any CPU
		{801224EC-6E9A-4BB3-81C7-4FC2FFA1952D}.Release|x64.ActiveCfg = Release|Any CPU
		{801224EC-6E9A-4BB3-81C7-4FC2FFA1952D}.Release|x64.Build.0 = Release|Any CPU
		{801224EC-6E9A-4BB3-81C7-4FC2FFA1952D}.Release|x86.ActiveCfg = Release|Any CPU
		{801224EC-6E9A-4BB3-81C7-4FC2FFA1952D}.Release|x86.Build.0 = Release|Any CPU
		{FB771C96-A29F-4676-9FC0-F76D169F8435}.Debug|Any CPU.ActiveCfg = Debug|Any CPU
		{FB771C96-A29F-4676-9FC0-F76D169F8435}.Debug|Any CPU.Build.0 = Debug|Any CPU
		{FB771C96-A29F-4676-9FC0-F76D169F8435}.Debug|x64.ActiveCfg = Debug|Any CPU
		{FB771C96-A29F-4676-9FC0-F76D169F8435}.Debug|x64.Build.0 = Debug|Any CPU
		{FB771C96-A29F-4676-9FC0-F76D169F8435}.Debug|x86.ActiveCfg = Debug|Any CPU
		{FB771C96-A29F-4676-9FC0-F76D169F8435}.Debug|x86.Build.0 = Debug|Any CPU
		{FB771C96-A29F-4676-9FC0-F76D169F8435}.Release|Any CPU.ActiveCfg = Release|Any CPU
		{FB771C96-A29F-4676-9FC0-F76D169F8435}.Release|Any CPU.Build.0 = Release|Any CPU
		{FB771C96-A29F-4676-9FC0-F76D169F8435}.Release|x64.ActiveCfg = Release|Any CPU
		{FB771C96-A29F-4676-9FC0-F76D169F8435}.Release|x64.Build.0 = Release|Any CPU
		{FB771C96-A29F-4676-9FC0-F76D169F8435}.Release|x86.ActiveCfg = Release|Any CPU
		{FB771C96-A29F-4676-9FC0-F76D169F8435}.Release|x86.Build.0 = Release|Any CPU
		{7DAA39C5-6325-47CC-9797-4CED963F1C43}.Debug|Any CPU.ActiveCfg = Debug|Any CPU
		{7DAA39C5-6325-47CC-9797-4CED963F1C43}.Debug|Any CPU.Build.0 = Debug|Any CPU
		{7DAA39C5-6325-47CC-9797-4CED963F1C43}.Debug|x64.ActiveCfg = Debug|Any CPU
		{7DAA39C5-6325-47CC-9797-4CED963F1C43}.Debug|x64.Build.0 = Debug|Any CPU
		{7DAA39C5-6325-47CC-9797-4CED963F1C43}.Debug|x86.ActiveCfg = Debug|Any CPU
		{7DAA39C5-6325-47CC-9797-4CED963F1C43}.Debug|x86.Build.0 = Debug|Any CPU
		{7DAA39C5-6325-47CC-9797-4CED963F1C43}.Release|Any CPU.ActiveCfg = Release|Any CPU
		{7DAA39C5-6325-47CC-9797-4CED963F1C43}.Release|Any CPU.Build.0 = Release|Any CPU
		{7DAA39C5-6325-47CC-9797-4CED963F1C43}.Release|x64.ActiveCfg = Release|Any CPU
		{7DAA39C5-6325-47CC-9797-4CED963F1C43}.Release|x64.Build.0 = Release|Any CPU
		{7DAA39C5-6325-47CC-9797-4CED963F1C43}.Release|x86.ActiveCfg = Release|Any CPU
		{7DAA39C5-6325-47CC-9797-4CED963F1C43}.Release|x86.Build.0 = Release|Any CPU
		{EC018510-E8EA-4258-B381-79D7E3CAF342}.Debug|Any CPU.ActiveCfg = Debug|Any CPU
		{EC018510-E8EA-4258-B381-79D7E3CAF342}.Debug|Any CPU.Build.0 = Debug|Any CPU
		{EC018510-E8EA-4258-B381-79D7E3CAF342}.Debug|x64.ActiveCfg = Debug|Any CPU
		{EC018510-E8EA-4258-B381-79D7E3CAF342}.Debug|x64.Build.0 = Debug|Any CPU
		{EC018510-E8EA-4258-B381-79D7E3CAF342}.Debug|x86.ActiveCfg = Debug|Any CPU
		{EC018510-E8EA-4258-B381-79D7E3CAF342}.Debug|x86.Build.0 = Debug|Any CPU
		{EC018510-E8EA-4258-B381-79D7E3CAF342}.Release|Any CPU.ActiveCfg = Release|Any CPU
		{EC018510-E8EA-4258-B381-79D7E3CAF342}.Release|Any CPU.Build.0 = Release|Any CPU
		{EC018510-E8EA-4258-B381-79D7E3CAF342}.Release|x64.ActiveCfg = Release|Any CPU
		{EC018510-E8EA-4258-B381-79D7E3CAF342}.Release|x64.Build.0 = Release|Any CPU
		{EC018510-E8EA-4258-B381-79D7E3CAF342}.Release|x86.ActiveCfg = Release|Any CPU
		{EC018510-E8EA-4258-B381-79D7E3CAF342}.Release|x86.Build.0 = Release|Any CPU
		{93C389C9-C9C8-445E-A56A-4D04997F6906}.Debug|Any CPU.ActiveCfg = Debug|Any CPU
		{93C389C9-C9C8-445E-A56A-4D04997F6906}.Debug|Any CPU.Build.0 = Debug|Any CPU
		{93C389C9-C9C8-445E-A56A-4D04997F6906}.Debug|x64.ActiveCfg = Debug|Any CPU
		{93C389C9-C9C8-445E-A56A-4D04997F6906}.Debug|x64.Build.0 = Debug|Any CPU
		{93C389C9-C9C8-445E-A56A-4D04997F6906}.Debug|x86.ActiveCfg = Debug|Any CPU
		{93C389C9-C9C8-445E-A56A-4D04997F6906}.Debug|x86.Build.0 = Debug|Any CPU
		{93C389C9-C9C8-445E-A56A-4D04997F6906}.Release|Any CPU.ActiveCfg = Release|Any CPU
		{93C389C9-C9C8-445E-A56A-4D04997F6906}.Release|Any CPU.Build.0 = Release|Any CPU
		{93C389C9-C9C8-445E-A56A-4D04997F6906}.Release|x64.ActiveCfg = Release|Any CPU
		{93C389C9-C9C8-445E-A56A-4D04997F6906}.Release|x64.Build.0 = Release|Any CPU
		{93C389C9-C9C8-445E-A56A-4D04997F6906}.Release|x86.ActiveCfg = Release|Any CPU
		{93C389C9-C9C8-445E-A56A-4D04997F6906}.Release|x86.Build.0 = Release|Any CPU
		{98F62812-5DB1-4915-8EAB-636497285976}.Debug|Any CPU.ActiveCfg = Debug|Any CPU
		{98F62812-5DB1-4915-8EAB-636497285976}.Debug|Any CPU.Build.0 = Debug|Any CPU
		{98F62812-5DB1-4915-8EAB-636497285976}.Debug|x64.ActiveCfg = Debug|Any CPU
		{98F62812-5DB1-4915-8EAB-636497285976}.Debug|x64.Build.0 = Debug|Any CPU
		{98F62812-5DB1-4915-8EAB-636497285976}.Debug|x86.ActiveCfg = Debug|Any CPU
		{98F62812-5DB1-4915-8EAB-636497285976}.Debug|x86.Build.0 = Debug|Any CPU
		{98F62812-5DB1-4915-8EAB-636497285976}.Release|Any CPU.ActiveCfg = Release|Any CPU
		{98F62812-5DB1-4915-8EAB-636497285976}.Release|Any CPU.Build.0 = Release|Any CPU
		{98F62812-5DB1-4915-8EAB-636497285976}.Release|x64.ActiveCfg = Release|Any CPU
		{98F62812-5DB1-4915-8EAB-636497285976}.Release|x64.Build.0 = Release|Any CPU
		{98F62812-5DB1-4915-8EAB-636497285976}.Release|x86.ActiveCfg = Release|Any CPU
		{98F62812-5DB1-4915-8EAB-636497285976}.Release|x86.Build.0 = Release|Any CPU
	EndGlobalSection
	GlobalSection(SolutionProperties) = preSolution
		HideSolutionNode = FALSE
	EndGlobalSection
	GlobalSection(NestedProjects) = preSolution
		{4FF0A536-085F-2EF2-43F1-35AA87D3F0A3} = {5D20AA90-6969-D8BD-9DCD-8634F4692FDA}
		{A3D10128-CCEC-4859-B86E-6759C5FC9C7E} = {4FF0A536-085F-2EF2-43F1-35AA87D3F0A3}
		{B00054A6-1B78-4179-9EC9-C78EC932B115} = {4FF0A536-085F-2EF2-43F1-35AA87D3F0A3}
		{9D81AF93-980F-47AB-810E-7DE3CE775EF6} = {4FF0A536-085F-2EF2-43F1-35AA87D3F0A3}
		{A3C8CDFF-27F2-45D7-956B-BD4FAA4A9A77} = {4FF0A536-085F-2EF2-43F1-35AA87D3F0A3}
		{801224EC-6E9A-4BB3-81C7-4FC2FFA1952D} = {4FF0A536-085F-2EF2-43F1-35AA87D3F0A3}
		{FB771C96-A29F-4676-9FC0-F76D169F8435} = {4FF0A536-085F-2EF2-43F1-35AA87D3F0A3}
		{7DAA39C5-6325-47CC-9797-4CED963F1C43} = {4FF0A536-085F-2EF2-43F1-35AA87D3F0A3}
		{EC018510-E8EA-4258-B381-79D7E3CAF342} = {4FF0A536-085F-2EF2-43F1-35AA87D3F0A3}
		{93C389C9-C9C8-445E-A56A-4D04997F6906} = {4FF0A536-085F-2EF2-43F1-35AA87D3F0A3}
		{98F62812-5DB1-4915-8EAB-636497285976} = {4FF0A536-085F-2EF2-43F1-35AA87D3F0A3}
	EndGlobalSection
	GlobalSection(ExtensibilityGlobals) = postSolution
		SolutionGuid = {ED282137-4785-40AA-B4C0-AD43DFD66568}
	EndGlobalSection
EndGlobal
